
Microsoft Visual Studio Solution File, Format Version 12.00
# Visual Studio 2012
Project("{FAE04EC0-301F-11D3-BF4B-00C04F79EFBC}") = "ConsoleLab3", "ConsoleLab3\ConsoleLab3.csproj", "{77042388-B00F-4643-8C16-B45DE990BB57}"
EndProject
Project("{FAE04EC0-301F-11D3-BF4B-00C04F79EFBC}") = "Week5", "Week5\Week5.csproj", "{8F13D82D-83E5-40F8-A3BD-7EE3656BA116}"
EndProject
Project("{FAE04EC0-301F-11D3-BF4B-00C04F79EFBC}") = "VehicleLab5", "VehicleLab5\VehicleLab5.csproj", "{6EE80946-5659-43CE-8097-3382C344F94C}"
EndProject
Project("{FAE04EC0-301F-11D3-BF4B-00C04F79EFBC}") = "Week6Work", "Week6Work\Week6Work.csproj", "{E50C6C9C-285A-441F-A8B9-06A2D2D24474}"
EndProject
Project("{FAE04EC0-301F-11D3-BF4B-00C04F79EFBC}") = "Week7", "Week7\Week7.csproj", "{D35116D8-ED4B-4A9F-9B96-D3068C1AC1C8}"
EndProject
Global
	GlobalSection(SolutionConfigurationPlatforms) = preSolution
		Debug|Any CPU = Debug|Any CPU
		Release|Any CPU = Release|Any CPU
	EndGlobalSection
	GlobalSection(ProjectConfigurationPlatforms) = postSolution
		{77042388-B00F-4643-8C16-B45DE990BB57}.Debug|Any CPU.ActiveCfg = Debug|Any CPU
		{77042388-B00F-4643-8C16-B45DE990BB57}.Debug|Any CPU.Build.0 = Debug|Any CPU
		{77042388-B00F-4643-8C16-B45DE990BB57}.Release|Any CPU.ActiveCfg = Release|Any CPU
		{77042388-B00F-4643-8C16-B45DE990BB57}.Release|Any CPU.Build.0 = Release|Any CPU
		{8F13D82D-83E5-40F8-A3BD-7EE3656BA116}.Debug|Any CPU.ActiveCfg = Debug|Any CPU
		{8F13D82D-83E5-40F8-A3BD-7EE3656BA116}.Debug|Any CPU.Build.0 = Debug|Any CPU
		{8F13D82D-83E5-40F8-A3BD-7EE3656BA116}.Release|Any CPU.ActiveCfg = Release|Any CPU
		{8F13D82D-83E5-40F8-A3BD-7EE3656BA116}.Release|Any CPU.Build.0 = Release|Any CPU
		{6EE80946-5659-43CE-8097-3382C344F94C}.Debug|Any CPU.ActiveCfg = Debug|Any CPU
		{6EE80946-5659-43CE-8097-3382C344F94C}.Debug|Any CPU.Build.0 = Debug|Any CPU
		{6EE80946-5659-43CE-8097-3382C344F94C}.Release|Any CPU.ActiveCfg = Release|Any CPU
		{6EE80946-5659-43CE-8097-3382C344F94C}.Release|Any CPU.Build.0 = Release|Any CPU
		{E50C6C9C-285A-441F-A8B9-06A2D2D24474}.Debug|Any CPU.ActiveCfg = Debug|Any CPU
		{E50C6C9C-285A-441F-A8B9-06A2D2D24474}.Debug|Any CPU.Build.0 = Debug|Any CPU
		{E50C6C9C-285A-441F-A8B9-06A2D2D24474}.Release|Any CPU.ActiveCfg = Release|Any CPU
		{E50C6C9C-285A-441F-A8B9-06A2D2D24474}.Release|Any CPU.Build.0 = Release|Any CPU
		{D35116D8-ED4B-4A9F-9B96-D3068C1AC1C8}.Debug|Any CPU.ActiveCfg = Debug|Any CPU
		{D35116D8-ED4B-4A9F-9B96-D3068C1AC1C8}.Debug|Any CPU.Build.0 = Debug|Any CPU
		{D35116D8-ED4B-4A9F-9B96-D3068C1AC1C8}.Release|Any CPU.ActiveCfg = Release|Any CPU
		{D35116D8-ED4B-4A9F-9B96-D3068C1AC1C8}.Release|Any CPU.Build.0 = Release|Any CPU
	EndGlobalSection
	GlobalSection(SolutionProperties) = preSolution
		HideSolutionNode = FALSE
	EndGlobalSection
EndGlobal
